
Microsoft Visual Studio Solution File, Format Version 12.00
# Visual Studio Version 16
VisualStudioVersion = 16.0.32929.386
MinimumVisualStudioVersion = 10.0.40219.1
Project("{00D1A9C2-B5F0-4AF3-8072-F6C62B433612}") = "AdventureWorks2016", "AdventureWorks2016.sqlproj", "{ED98E46F-78AB-478E-8842-04F2DFD3C70B}"
EndProject
Global
	GlobalSection(SolutionConfigurationPlatforms) = preSolution
		Debug|Any CPU = Debug|Any CPU
		Release|Any CPU = Release|Any CPU
	EndGlobalSection
	GlobalSection(ProjectConfigurationPlatforms) = postSolution
		{ED98E46F-78AB-478E-8842-04F2DFD3C70B}.Debug|Any CPU.ActiveCfg = Debug|Any CPU
		{ED98E46F-78AB-478E-8842-04F2DFD3C70B}.Debug|Any CPU.Build.0 = Debug|Any CPU
		{ED98E46F-78AB-478E-8842-04F2DFD3C70B}.Debug|Any CPU.Deploy.0 = Debug|Any CPU
		{ED98E46F-78AB-478E-8842-04F2DFD3C70B}.Release|Any CPU.ActiveCfg = Release|Any CPU
		{ED98E46F-78AB-478E-8842-04F2DFD3C70B}.Release|Any CPU.Build.0 = Release|Any CPU
		{ED98E46F-78AB-478E-8842-04F2DFD3C70B}.Release|Any CPU.Deploy.0 = Release|Any CPU
	EndGlobalSection
	GlobalSection(SolutionProperties) = preSolution
		HideSolutionNode = FALSE
	EndGlobalSection
	GlobalSection(ExtensibilityGlobals) = postSolution
		SolutionGuid = {FAD06EDA-4E61-4A00-9028-A919D8BCC1B0}
	EndGlobalSection
EndGlobal
